{
  "version": 4,
  "terraform_version": "1.9.8",
  "serial": 27,
  "lineage": "8a4a7354-506f-de09-f419-e2b56cd87305",
  "outputs": {
    "instance_ip": {
      "value": "34.41.172.14",
      "type": "string"
    }
  },
  "resources": [
    {
      "mode": "managed",
      "type": "google_compute_instance",
      "name": "app_server",
      "provider": "provider[\"registry.terraform.io/hashicorp/google\"]",
      "instances": [
        {
          "schema_version": 6,
          "attributes": {
            "advanced_machine_features": [],
            "allow_stopping_for_update": null,
            "attached_disk": [],
            "boot_disk": [
              {
                "auto_delete": true,
                "device_name": "persistent-disk-0",
                "disk_encryption_key_raw": "",
                "disk_encryption_key_sha256": "",
                "initialize_params": [
                  {
                    "enable_confidential_compute": false,
                    "image": "https://www.googleapis.com/compute/v1/projects/ubuntu-os-cloud/global/images/ubuntu-2004-focal-v20241016",
                    "labels": {},
                    "provisioned_iops": 0,
                    "provisioned_throughput": 0,
                    "resource_manager_tags": null,
                    "resource_policies": [],
                    "size": 10,
                    "storage_pool": "",
                    "type": "pd-standard"
                  }
                ],
                "interface": "",
                "kms_key_self_link": "",
                "mode": "READ_WRITE",
                "source": "https://www.googleapis.com/compute/v1/projects/burnished-ether-439413-s1/zones/us-central1-a/disks/my-ecommerce-app2"
              }
            ],
            "can_ip_forward": false,
            "confidential_instance_config": [],
            "cpu_platform": "Intel Broadwell",
            "current_status": "RUNNING",
            "deletion_protection": false,
            "description": "",
            "desired_status": null,
            "effective_labels": {
              "goog-terraform-provisioned": "true"
            },
            "enable_display": false,
            "guest_accelerator": [],
            "hostname": "",
            "id": "projects/burnished-ether-439413-s1/zones/us-central1-a/instances/my-ecommerce-app2",
            "instance_id": "8157726869270915458",
            "label_fingerprint": "vezUS-42LLM=",
            "labels": null,
            "machine_type": "e2-medium",
            "metadata": {
              "ssh-keys": "nelsonmbui88:ssh-rsa AAAAB3NzaC1yc2EAAAADAQABAAABgQDJ7zvMj22vC5QY10SUOwHwx0afPP0ZqTcRZvkH58Z9ruTZsXFkkHGRo9bngn1RQ0hIoa0YBAKwbYoNO1A8EsAqnfm+4De8H4gbIguhJtbmzJpDNkzV+o+GnrHWoXCgajDoEIZLHNlKDdVixptV0gtG0g2GG0N/QFP+4BMci7rsOucRP6fImi9bT93eEhuaG6Ogjcqfot74Bl6Q3Bc8PUMIX35rcd+RXLJWPdhjaup3p8Vk5QIWEDCyFG2UpzPKprwjIvQvhutqjANOzrg5guw0wJtdw8TwlF16AVS4aI0Nlr44un7qsfZUNtuvBMBQlXHOQhYaqaQi+n/QUTxu+dXWQBVcRkGH/HU2B45HEmRBLlS39cLiieSMbj9GNIwvY8f7Ug4HbkPVljBUmzuz3mWEZ9H1GiT7u2raEGheMxGb8eIL3tFWkuR2N11ANngpUjDAAgSvJaK1f9A1IPqi4kaj4WSeuAwykCUzQYhqBKl5DytM/6eCxLUfLW+8wm//WpM= nelsonmbui88\n"
            },
            "metadata_fingerprint": "Zd9Bt0UHdqI=",
            "metadata_startup_script": null,
            "min_cpu_platform": "",
            "name": "my-ecommerce-app2",
            "network_interface": [
              {
                "access_config": [
                  {
                    "nat_ip": "34.41.172.14",
                    "network_tier": "PREMIUM",
                    "public_ptr_domain_name": ""
                  }
                ],
                "alias_ip_range": [],
                "internal_ipv6_prefix_length": 0,
                "ipv6_access_config": [],
                "ipv6_access_type": "",
                "ipv6_address": "",
                "name": "nic0",
                "network": "https://www.googleapis.com/compute/v1/projects/burnished-ether-439413-s1/global/networks/default",
                "network_ip": "10.128.0.9",
                "nic_type": "",
                "queue_count": 0,
                "stack_type": "IPV4_ONLY",
                "subnetwork": "https://www.googleapis.com/compute/v1/projects/burnished-ether-439413-s1/regions/us-central1/subnetworks/default",
                "subnetwork_project": "burnished-ether-439413-s1"
              }
            ],
            "network_performance_config": [],
            "params": [],
            "project": "burnished-ether-439413-s1",
            "reservation_affinity": [],
            "resource_policies": null,
            "scheduling": [
              {
                "automatic_restart": true,
                "instance_termination_action": "",
                "local_ssd_recovery_timeout": [],
                "max_run_duration": [],
                "min_node_cpus": 0,
                "node_affinities": [],
                "on_host_maintenance": "MIGRATE",
                "on_instance_stop_action": [],
                "preemptible": false,
                "provisioning_model": "STANDARD"
              }
            ],
            "scratch_disk": [],
            "self_link": "https://www.googleapis.com/compute/v1/projects/burnished-ether-439413-s1/zones/us-central1-a/instances/my-ecommerce-app2",
            "service_account": [],
            "shielded_instance_config": [
              {
                "enable_integrity_monitoring": true,
                "enable_secure_boot": false,
                "enable_vtpm": true
              }
            ],
            "tags": null,
            "tags_fingerprint": "42WmSpB8rSM=",
            "terraform_labels": {
              "goog-terraform-provisioned": "true"
            },
            "timeouts": null,
            "zone": "us-central1-a"
          },
          "sensitive_attributes": [
            [
              {
                "type": "get_attr",
                "value": "boot_disk"
              },
              {
                "type": "index",
                "value": {
                  "value": 0,
                  "type": "number"
                }
              },
              {
                "type": "get_attr",
                "value": "disk_encryption_key_raw"
              }
            ]
          ],
          "private": "eyJlMmJmYjczMC1lY2FhLTExZTYtOGY4OC0zNDM2M2JjN2M0YzAiOnsiY3JlYXRlIjoxMjAwMDAwMDAwMDAwLCJkZWxldGUiOjEyMDAwMDAwMDAwMDAsInVwZGF0ZSI6MTIwMDAwMDAwMDAwMH0sInNjaGVtYV92ZXJzaW9uIjoiNiJ9"
        }
      ]
    }
  ],
  "check_results": null
}
